// !$*UTF8*$!
{
	archiveVersion = 1;
	classes = {
	};
	objectVersion = 46;
	objects = {

/* Begin PBXBuildFile section */
		8243587A1E7F68B500151718 /* AppDelegate.swift in Sources */ = {isa = PBXBuildFile; fileRef = 824358791E7F68B500151718 /* AppDelegate.swift */; };
		8243587C1E7F68B500151718 /* ViewController.swift in Sources */ = {isa = PBXBuildFile; fileRef = 8243587B1E7F68B500151718 /* ViewController.swift */; };
		8243587F1E7F68B500151718 /* Main.storyboard in Resources */ = {isa = PBXBuildFile; fileRef = 8243587D1E7F68B500151718 /* Main.storyboard */; };
		824358811E7F68B500151718 /* Assets.xcassets in Resources */ = {isa = PBXBuildFile; fileRef = 824358801E7F68B500151718 /* Assets.xcassets */; };
		824358841E7F68B500151718 /* LaunchScreen.storyboard in Resources */ = {isa = PBXBuildFile; fileRef = 824358821E7F68B500151718 /* LaunchScreen.storyboard */; };
		824358921E7FA0C300151718 /* RoneViewController.swift in Sources */ = {isa = PBXBuildFile; fileRef = 824358911E7FA0C300151718 /* RoneViewController.swift */; };
		824358991E7FA69C00151718 /* RUser.swift in Sources */ = {isa = PBXBuildFile; fileRef = 824358981E7FA69C00151718 /* RUser.swift */; };
/* End PBXBuildFile section */

/* Begin PBXFileReference section */
		824358761E7F68B500151718 /* RAC-Swift.app */ = {isa = PBXFileReference; explicitFileType = wrapper.application; includeInIndex = 0; path = "RAC-Swift.app"; sourceTree = BUILT_PRODUCTS_DIR; };
		824358791E7F68B500151718 /* AppDelegate.swift */ = {isa = PBXFileReference; lastKnownFileType = sourcecode.swift; path = AppDelegate.swift; sourceTree = "<group>"; };
		8243587B1E7F68B500151718 /* ViewController.swift */ = {isa = PBXFileReference; lastKnownFileType = sourcecode.swift; path = ViewController.swift; sourceTree = "<group>"; };
		8243587E1E7F68B500151718 /* Base */ = {isa = PBXFileReference; lastKnownFileType = file.storyboard; name = Base; path = Base.lproj/Main.storyboard; sourceTree = "<group>"; };
		824358801E7F68B500151718 /* Assets.xcassets */ = {isa = PBXFileReference; lastKnownFileType = folder.assetcatalog; path = Assets.xcassets; sourceTree = "<group>"; };
		824358831E7F68B500151718 /* Base */ = {isa = PBXFileReference; lastKnownFileType = file.storyboard; name = Base; path = Base.lproj/LaunchScreen.storyboard; sourceTree = "<group>"; };
		824358851E7F68B500151718 /* Info.plist */ = {isa = PBXFileReference; lastKnownFileType = text.plist.xml; path = Info.plist; sourceTree = "<group>"; };
		824358911E7FA0C300151718 /* RoneViewController.swift */ = {isa = PBXFileReference; fileEncoding = 4; lastKnownFileType = sourcecode.swift; path = RoneViewController.swift; sourceTree = "<group>"; };
		824358981E7FA69C00151718 /* RUser.swift */ = {isa = PBXFileReference; fileEncoding = 4; lastKnownFileType = sourcecode.swift; path = RUser.swift; sourceTree = "<group>"; };
/* End PBXFileReference section */

/* Begin PBXFrameworksBuildPhase section */
		824358731E7F68B500151718 /* Frameworks */ = {
			isa = PBXFrameworksBuildPhase;
			buildActionMask = 2147483647;
			files = (
			);
			runOnlyForDeploymentPostprocessing = 0;
		};
/* End PBXFrameworksBuildPhase section */

/* Begin PBXGroup section */
		8243586D1E7F68B500151718 = {
			isa = PBXGroup;
			children = (
				824358781E7F68B500151718 /* RAC-Swift */,
				824358771E7F68B500151718 /* Products */,
			);
			sourceTree = "<group>";
		};
		824358771E7F68B500151718 /* Products */ = {
			isa = PBXGroup;
			children = (
				824358761E7F68B500151718 /* RAC-Swift.app */,
			);
			name = Products;
			sourceTree = "<group>";
		};
		824358781E7F68B500151718 /* RAC-Swift */ = {
			isa = PBXGroup;
			children = (
				8243588C1E7FA0AC00151718 /* Controls */,
				8243588D1E7FA0AC00151718 /* Models */,
				8243588E1E7FA0AC00151718 /* ViewControllers */,
				8243588F1E7FA0AC00151718 /* ViewModels */,
				824358901E7FA0AC00151718 /* Views */,
				824358791E7F68B500151718 /* AppDelegate.swift */,
				8243587B1E7F68B500151718 /* ViewController.swift */,
				8243587D1E7F68B500151718 /* Main.storyboard */,
				824358801E7F68B500151718 /* Assets.xcassets */,
				824358821E7F68B500151718 /* LaunchScreen.storyboard */,
				824358851E7F68B500151718 /* Info.plist */,
			);
			path = "RAC-Swift";
			sourceTree = "<group>";
		};
		8243588C1E7FA0AC00151718 /* Controls */ = {
			isa = PBXGroup;
			children = (
			);
			path = Controls;
			sourceTree = "<group>";
		};
		8243588D1E7FA0AC00151718 /* Models */ = {
			isa = PBXGroup;
			children = (
				824358981E7FA69C00151718 /* RUser.swift */,
			);
			path = Models;
			sourceTree = "<group>";
		};
		8243588E1E7FA0AC00151718 /* ViewControllers */ = {
			isa = PBXGroup;
			children = (
				824358911E7FA0C300151718 /* RoneViewController.swift */,
			);
			path = ViewControllers;
			sourceTree = "<group>";
		};
		8243588F1E7FA0AC00151718 /* ViewModels */ = {
			isa = PBXGroup;
			children = (
			);
			path = ViewModels;
			sourceTree = "<group>";
		};
		824358901E7FA0AC00151718 /* Views */ = {
			isa = PBXGroup;
			children = (
			);
			path = Views;
			sourceTree = "<group>";
		};
/* End PBXGroup section */

/* Begin PBXNativeTarget section */
		824358751E7F68B500151718 /* RAC-Swift */ = {
			isa = PBXNativeTarget;
			buildConfigurationList = 824358881E7F68B500151718 /* Build configuration list for PBXNativeTarget "RAC-Swift" */;
			buildPhases = (
				824358721E7F68B500151718 /* Sources */,
				824358731E7F68B500151718 /* Frameworks */,
				824358741E7F68B500151718 /* Resources */,
				8243588B1E7F6AD300151718 /* ShellScript */,
			);
			buildRules = (
			);
			dependencies = (
			);
			name = "RAC-Swift";
			productName = "RAC-Swift";
			productReference = 824358761E7F68B500151718 /* RAC-Swift.app */;
			productType = "com.apple.product-type.application";
		};
/* End PBXNativeTarget section */

/* Begin PBXProject section */
		8243586E1E7F68B500151718 /* Project object */ = {
			isa = PBXProject;
			attributes = {
				LastSwiftUpdateCheck = 0820;
				LastUpgradeCheck = 0820;
				ORGANIZATIONNAME = RogueAndy;
				TargetAttributes = {
					824358751E7F68B500151718 = {
						CreatedOnToolsVersion = 8.2.1;
						DevelopmentTeam = ZBB923YFHM;
						ProvisioningStyle = Automatic;
					};
				};
			};
			buildConfigurationList = 824358711E7F68B500151718 /* Build configuration list for PBXProject "RAC-Swift" */;
			compatibilityVersion = "Xcode 3.2";
			developmentRegion = English;
			hasScannedForEncodings = 0;
			knownRegions = (
				en,
				Base,
			);
			mainGroup = 8243586D1E7F68B500151718;
			productRefGroup = 824358771E7F68B500151718 /* Products */;
			projectDirPath = "";
			projectRoot = "";
			targets = (
				824358751E7F68B500151718 /* RAC-Swift */,
			);
		};
/* End PBXProject section */

/* Begin PBXResourcesBuildPhase section */
		824358741E7F68B500151718 /* Resources */ = {
			isa = PBXResourcesBuildPhase;
			buildActionMask = 2147483647;
			files = (
				824358841E7F68B500151718 /* LaunchScreen.storyboard in Resources */,
				824358811E7F68B500151718 /* Assets.xcassets in Resources */,
				8243587F1E7F68B500151718 /* Main.storyboard in Resources */,
			);
			runOnlyForDeploymentPostprocessing = 0;
		};
/* End PBXResourcesBuildPhase section */

/* Begin PBXShellScriptBuildPhase section */
		8243588B1E7F6AD300151718 /* ShellScript */ = {
			isa = PBXShellScriptBuildPhase;
			buildActionMask = 2147483647;
			files = (
			);
			inputPaths = (
				"$(SRCROOT)/Carthage/Build/iOS/ObjectMapper.framework",
				"$(SRCROOT)/Carthage/Build/iOS/Alamofire.framework",
				"$(SRCROOT)/Carthage/Build/iOS/RxSwift.framework",
			);
			outputPaths = (
			);
			runOnlyForDeploymentPostprocessing = 0;
			shellPath = /bin/sh;
			shellScript = "/usr/local/bin/carthage copy-frameworks";
		};
/* End PBXShellScriptBuildPhase section */

/* Begin PBXSourcesBuildPhase section */
		824358721E7F68B500151718 /* Sources */ = {
			isa = PBXSourcesBuildPhase;
			buildActionMask = 2147483647;
			files = (
				824358921E7FA0C300151718 /* RoneViewController.swift in Sources */,
				8243587C1E7F68B500151718 /* ViewController.swift in Sources */,
				8243587A1E7F68B500151718 /* AppDelegate.swift in Sources */,
				824358991E7FA69C00151718 /* RUser.swift in Sources */,
			);
			runOnlyForDeploymentPostprocessing = 0;
		};
/* End PBXSourcesBuildPhase section */

/* Begin PBXVariantGroup section */
		8243587D1E7F68B500151718 /* Main.storyboard */ = {
			isa = PBXVariantGroup;
			children = (
				8243587E1E7F68B500151718 /* Base */,
			);
			name = Main.storyboard;
			sourceTree = "<group>";
		};
		824358821E7F68B500151718 /* LaunchScreen.storyboard */ = {
			isa = PBXVariantGroup;
			children = (
				824358831E7F68B500151718 /* Base */,
			);
			name = LaunchScreen.storyboard;
			sourceTree = "<group>";
		};
/* End PBXVariantGroup section */

/* Begin XCBuildConfiguration section */
		824358861E7F68B500151718 /* Debug */ = {
			isa = XCBuildConfiguration;
			buildSettings = {
				ALWAYS_SEARCH_USER_PATHS = NO;
				CLANG_ANALYZER_NONNULL = YES;
				CLANG_CXX_LANGUAGE_STANDARD = "gnu++0x";
				CLANG_CXX_LIBRARY = "libc++";
				CLANG_ENABLE_MODULES = YES;
				CLANG_ENABLE_OBJC_ARC = YES;
				CLANG_WARN_BOOL_CONVERSION = YES;
				CLANG_WARN_CONSTANT_CONVERSION = YES;
				CLANG_WARN_DIRECT_OBJC_ISA_USAGE = YES_ERROR;
				CLANG_WARN_DOCUMENTATION_COMMENTS = YES;
				CLANG_WARN_EMPTY_BODY = YES;
				CLANG_WARN_ENUM_CONVERSION = YES;
				CLANG_WARN_INFINITE_RECURSION = YES;
				CLANG_WARN_INT_CONVERSION = YES;
				CLANG_WARN_OBJC_ROOT_CLASS = YES_ERROR;
				CLANG_WARN_SUSPICIOUS_MOVE = YES;
				CLANG_WARN_UNREACHABLE_CODE = YES;
				CLANG_WARN__DUPLICATE_METHOD_MATCH = YES;
				"CODE_SIGN_IDENTITY[sdk=iphoneos*]" = "iPhone Developer";
				COPY_PHASE_STRIP = NO;
				DEBUG_INFORMATION_FORMAT = dwarf;
				ENABLE_STRICT_OBJC_MSGSEND = YES;
				ENABLE_TESTABILITY = YES;
				GCC_C_LANGUAGE_STANDARD = gnu99;
				GCC_DYNAMIC_NO_PIC = NO;
				GCC_NO_COMMON_BLOCKS = YES;
				GCC_OPTIMIZATION_LEVEL = 0;
				GCC_PREPROCESSOR_DEFINITIONS = (
					"DEBUG=1",
					"$(inherited)",
				);
				GCC_WARN_64_TO_32_BIT_CONVERSION = YES;
				GCC_WARN_ABOUT_RETURN_TYPE = YES_ERROR;
				GCC_WARN_UNDECLARED_SELECTOR = YES;
				GCC_WARN_UNINITIALIZED_AUTOS = YES_AGGRESSIVE;
				GCC_WARN_UNUSED_FUNCTION = YES;
				GCC_WARN_UNUSED_VARIABLE = YES;
				IPHONEOS_DEPLOYMENT_TARGET = 10.2;
				MTL_ENABLE_DEBUG_INFO = YES;
				ONLY_ACTIVE_ARCH = YES;
				SDKROOT = iphoneos;
				SWIFT_ACTIVE_COMPILATION_CONDITIONS = DEBUG;
				SWIFT_OPTIMIZATION_LEVEL = "-Onone";
				TARGETED_DEVICE_FAMILY = "1,2";
			};
			name = Debug;
		};
		824358871E7F68B500151718 /* Release */ = {
			isa = XCBuildConfiguration;
			buildSettings = {
				ALWAYS_SEARCH_USER_PATHS = NO;
				CLANG_ANALYZER_NONNULL = YES;
				CLANG_CXX_LANGUAGE_STANDARD = "gnu++0x";
				CLANG_CXX_LIBRARY = "libc++";
				CLANG_ENABLE_MODULES = YES;
				CLANG_ENABLE_OBJC_ARC = YES;
				CLANG_WARN_BOOL_CONVERSION = YES;
				CLANG_WARN_CONSTANT_CONVERSION = YES;
				CLANG_WARN_DIRECT_OBJC_ISA_USAGE = YES_ERROR;
				CLANG_WARN_DOCUMENTATION_COMMENTS = YES;
				CLANG_WARN_EMPTY_BODY = YES;
				CLANG_WARN_ENUM_CONVERSION = YES;
				CLANG_WARN_INFINITE_RECURSION = YES;
				CLANG_WARN_INT_CONVERSION = YES;
				CLANG_WARN_OBJC_ROOT_CLASS = YES_ERROR;
				CLANG_WARN_SUSPICIOUS_MOVE = YES;
				CLANG_WARN_UNREACHABLE_CODE = YES;
				CLANG_WARN__DUPLICATE_METHOD_MATCH = YES;
				"CODE_SIGN_IDENTITY[sdk=iphoneos*]" = "iPhone Developer";
				COPY_PHASE_STRIP = NO;
				DEBUG_INFORMATION_FORMAT = "dwarf-with-dsym";
				ENABLE_NS_ASSERTIONS = NO;
				ENABLE_STRICT_OBJC_MSGSEND = YES;
				GCC_C_LANGUAGE_STANDARD = gnu99;
				GCC_NO_COMMON_BLOCKS = YES;
				GCC_WARN_64_TO_32_BIT_CONVERSION = YES;
				GCC_WARN_ABOUT_RETURN_TYPE = YES_ERROR;
				GCC_WARN_UNDECLARED_SELECTOR = YES;
				GCC_WARN_UNINITIALIZED_AUTOS = YES_AGGRESSIVE;
				GCC_WARN_UNUSED_FUNCTION = YES;
				GCC_WARN_UNUSED_VARIABLE = YES;
				IPHONEOS_DEPLOYMENT_TARGET = 10.2;
				MTL_ENABLE_DEBUG_INFO = NO;
				SDKROOT = iphoneos;
				SWIFT_OPTIMIZATION_LEVEL = "-Owholemodule";
				TARGETED_DEVICE_FAMILY = "1,2";
				VALIDATE_PRODUCT = YES;
			};
			name = Release;
		};
		824358891E7F68B500151718 /* Debug */ = {
			isa = XCBuildConfiguration;
			buildSettings = {
				ASSETCATALOG_COMPILER_APPICON_NAME = AppIcon;
				DEVELOPMENT_TEAM = ZBB923YFHM;
				FRAMEWORK_SEARCH_PATHS = (
					"$(inherited)",
					"$(PROJECT_DIR)/Carthage/Build/iOS",
				);
				INFOPLIST_FILE = "RAC-Swift/Info.plist";
				IPHONEOS_DEPLOYMENT_TARGET = 8.0;
				LD_RUNPATH_SEARCH_PATHS = "$(inherited) @executable_path/Frameworks";
				PRODUCT_BUNDLE_IDENTIFIER = "com.rogue.andy.RAC-Swift";
				PRODUCT_NAME = "$(TARGET_NAME)";
				SWIFT_VERSION = 3.0;
			};
			name = Debug;
		};
		8243588A1E7F68B500151718 /* Release */ = {
			isa = XCBuildConfiguration;
			buildSettings = {
				ASSETCATALOG_COMPILER_APPICON_NAME = AppIcon;
				DEVELOPMENT_TEAM = ZBB923YFHM;
				FRAMEWORK_SEARCH_PATHS = (
					"$(inherited)",
					"$(PROJECT_DIR)/Carthage/Build/iOS",
				);
				INFOPLIST_FILE = "RAC-Swift/Info.plist";
				IPHONEOS_DEPLOYMENT_TARGET = 8.0;
				LD_RUNPATH_SEARCH_PATHS = "$(inherited) @executable_path/Frameworks";
				PRODUCT_BUNDLE_IDENTIFIER = "com.rogue.andy.RAC-Swift";
				PRODUCT_NAME = "$(TARGET_NAME)";
				SWIFT_VERSION = 3.0;
			};
			name = Release;
		};
/* End XCBuildConfiguration section */

/* Begin XCConfigurationList section */
		824358711E7F68B500151718 /* Build configuration list for PBXProject "RAC-Swift" */ = {
			isa = XCConfigurationList;
			buildConfigurations = (
				824358861E7F68B500151718 /* Debug */,
				824358871E7F68B500151718 /* Release */,
			);
			defaultConfigurationIsVisible = 0;
			defaultConfigurationName = Release;
		};
		824358881E7F68B500151718 /* Build configuration list for PBXNativeTarget "RAC-Swift" */ = {
			isa = XCConfigurationList;
			buildConfigurations = (
				824358891E7F68B500151718 /* Debug */,
				8243588A1E7F68B500151718 /* Release */,
			);
			defaultConfigurationIsVisible = 0;
			defaultConfigurationName = Release;
		};
/* End XCConfigurationList section */
	};
	rootObject = 8243586E1E7F68B500151718 /* Project object */;
}
